// !$*UTF8*$!
{
	archiveVersion = 1;
	classes = {
	};
	objectVersion = 46;
	objects = {

/* Begin PBXBuildFile section */
		0405328619E61D7E0001FBCC /* AFHTTPRequestOperation.m in Sources */ = {isa = PBXBuildFile; fileRef = 0405326219E61D7E0001FBCC /* AFHTTPRequestOperation.m */; };
		0405328719E61D7E0001FBCC /* AFHTTPRequestOperationManager.m in Sources */ = {isa = PBXBuildFile; fileRef = 0405326419E61D7E0001FBCC /* AFHTTPRequestOperationManager.m */; };
		0405328819E61D7E0001FBCC /* AFHTTPSessionManager.m in Sources */ = {isa = PBXBuildFile; fileRef = 0405326619E61D7E0001FBCC /* AFHTTPSessionManager.m */; };
		0405328919E61D7E0001FBCC /* AFNetworkReachabilityManager.m in Sources */ = {isa = PBXBuildFile; fileRef = 0405326919E61D7E0001FBCC /* AFNetworkReachabilityManager.m */; };
		0405328A19E61D7E0001FBCC /* AFSecurityPolicy.m in Sources */ = {isa = PBXBuildFile; fileRef = 0405326B19E61D7E0001FBCC /* AFSecurityPolicy.m */; };
		0405328B19E61D7E0001FBCC /* AFURLConnectionOperation.m in Sources */ = {isa = PBXBuildFile; fileRef = 0405326D19E61D7E0001FBCC /* AFURLConnectionOperation.m */; };
		0405328D19E61D7E0001FBCC /* AFURLResponseSerialization.m in Sources */ = {isa = PBXBuildFile; fileRef = 0405327119E61D7E0001FBCC /* AFURLResponseSerialization.m */; };
		0405328E19E61D7E0001FBCC /* AFURLSessionManager.m in Sources */ = {isa = PBXBuildFile; fileRef = 0405327319E61D7E0001FBCC /* AFURLSessionManager.m */; };
		0405328F19E61D7E0001FBCC /* AFNetworkActivityIndicatorManager.m in Sources */ = {isa = PBXBuildFile; fileRef = 0405327619E61D7E0001FBCC /* AFNetworkActivityIndicatorManager.m */; };
		0405329019E61D7E0001FBCC /* UIActivityIndicatorView+AFNetworking.m in Sources */ = {isa = PBXBuildFile; fileRef = 0405327819E61D7E0001FBCC /* UIActivityIndicatorView+AFNetworking.m */; };
		0405329119E61D7E0001FBCC /* UIAlertView+AFNetworking.m in Sources */ = {isa = PBXBuildFile; fileRef = 0405327A19E61D7E0001FBCC /* UIAlertView+AFNetworking.m */; };
		0405329219E61D7E0001FBCC /* UIButton+AFNetworking.m in Sources */ = {isa = PBXBuildFile; fileRef = 0405327C19E61D7E0001FBCC /* UIButton+AFNetworking.m */; };
		0405329319E61D7E0001FBCC /* UIImageView+AFNetworking.m in Sources */ = {isa = PBXBuildFile; fileRef = 0405327E19E61D7E0001FBCC /* UIImageView+AFNetworking.m */; };
		0405329419E61D7E0001FBCC /* UIProgressView+AFNetworking.m in Sources */ = {isa = PBXBuildFile; fileRef = 0405328119E61D7E0001FBCC /* UIProgressView+AFNetworking.m */; };
		0405329519E61D7E0001FBCC /* UIRefreshControl+AFNetworking.m in Sources */ = {isa = PBXBuildFile; fileRef = 0405328319E61D7E0001FBCC /* UIRefreshControl+AFNetworking.m */; };
		0405329619E61D7E0001FBCC /* UIWebView+AFNetworking.m in Sources */ = {isa = PBXBuildFile; fileRef = 0405328519E61D7E0001FBCC /* UIWebView+AFNetworking.m */; };
		0405329D19E6250D0001FBCC /* AFURLRequestSerialization.m in Sources */ = {isa = PBXBuildFile; fileRef = 0405329C19E6250D0001FBCC /* AFURLRequestSerialization.m */; };
		04176BC219E51D41004E2D43 /* Collect.m in Sources */ = {isa = PBXBuildFile; fileRef = 04176BBD19E51D41004E2D43 /* Collect.m */; };
		04176BC319E51D41004E2D43 /* Reachability.m in Sources */ = {isa = PBXBuildFile; fileRef = 04176BBF19E51D41004E2D43 /* Reachability.m */; };
		04176BC419E51D41004E2D43 /* Sqlite.m in Sources */ = {isa = PBXBuildFile; fileRef = 04176BC119E51D41004E2D43 /* Sqlite.m */; };
		0437FEA519D5647A008CE0E4 /* Brightness.m in Sources */ = {isa = PBXBuildFile; fileRef = 0437FEA419D5647A008CE0E4 /* Brightness.m */; };
		0437FF2319D8F3C6008CE0E4 /* CommonDefinition.m in Sources */ = {isa = PBXBuildFile; fileRef = 0437FF2219D8F3C6008CE0E4 /* CommonDefinition.m */; };
		0460AF4019E76C35002C6EA0 /* CollectionData.m in Sources */ = {isa = PBXBuildFile; fileRef = 0460AF3F19E76C35002C6EA0 /* CollectionData.m */; };
		0460AF8019E7BE34002C6EA0 /* SensorHTTPClient.m in Sources */ = {isa = PBXBuildFile; fileRef = 0460AF7F19E7BE34002C6EA0 /* SensorHTTPClient.m */; };
		0496010B19CAF89E00F2D67E /* Foundation.framework in Frameworks */ = {isa = PBXBuildFile; fileRef = 0496010A19CAF89E00F2D67E /* Foundation.framework */; };
		0496010D19CAF89E00F2D67E /* CoreGraphics.framework in Frameworks */ = {isa = PBXBuildFile; fileRef = 0496010C19CAF89E00F2D67E /* CoreGraphics.framework */; };
		0496010F19CAF89E00F2D67E /* UIKit.framework in Frameworks */ = {isa = PBXBuildFile; fileRef = 0496010E19CAF89E00F2D67E /* UIKit.framework */; };
		0496011519CAF89E00F2D67E /* InfoPlist.strings in Resources */ = {isa = PBXBuildFile; fileRef = 0496011319CAF89E00F2D67E /* InfoPlist.strings */; };
		0496011719CAF89E00F2D67E /* main.m in Sources */ = {isa = PBXBuildFile; fileRef = 0496011619CAF89E00F2D67E /* main.m */; };
		0496011B19CAF89E00F2D67E /* AppDelegate.m in Sources */ = {isa = PBXBuildFile; fileRef = 0496011A19CAF89E00F2D67E /* AppDelegate.m */; };
		0496011D19CAF89E00F2D67E /* Images.xcassets in Resources */ = {isa = PBXBuildFile; fileRef = 0496011C19CAF89E00F2D67E /* Images.xcassets */; };
		0496012419CAF89E00F2D67E /* XCTest.framework in Frameworks */ = {isa = PBXBuildFile; fileRef = 0496012319CAF89E00F2D67E /* XCTest.framework */; };
		0496012519CAF89E00F2D67E /* Foundation.framework in Frameworks */ = {isa = PBXBuildFile; fileRef = 0496010A19CAF89E00F2D67E /* Foundation.framework */; };
		0496012619CAF89E00F2D67E /* UIKit.framework in Frameworks */ = {isa = PBXBuildFile; fileRef = 0496010E19CAF89E00F2D67E /* UIKit.framework */; };
		0496012E19CAF89E00F2D67E /* InfoPlist.strings in Resources */ = {isa = PBXBuildFile; fileRef = 0496012C19CAF89E00F2D67E /* InfoPlist.strings */; };
		0496013019CAF89E00F2D67E /* sensoriosclientTests.m in Sources */ = {isa = PBXBuildFile; fileRef = 0496012F19CAF89E00F2D67E /* sensoriosclientTests.m */; };
		0496014319CBC3E700F2D67E /* RandomString.m in Sources */ = {isa = PBXBuildFile; fileRef = 0496014219CBC3E700F2D67E /* RandomString.m */; };
		CE2C7B8419D904C900C03359 /* PicSave.m in Sources */ = {isa = PBXBuildFile; fileRef = CE2C7B8319D904C900C03359 /* PicSave.m */; };
		CEA0E8B319D3B2DB0036FF61 /* Reachability.m in Sources */ = {isa = PBXBuildFile; fileRef = CEA0E8B119D3B2DB0036FF61 /* Reachability.m */; };
		CEA0E8C719D508140036FF61 /* AVFoundation.framework in Frameworks */ = {isa = PBXBuildFile; fileRef = CEA0E8C619D508140036FF61 /* AVFoundation.framework */; };
		CEA0E8CA19D508390036FF61 /* Record.m in Sources */ = {isa = PBXBuildFile; fileRef = CEA0E8C919D508390036FF61 /* Record.m */; };
		CEA0E8CB19D508390036FF61 /* Record.m in Sources */ = {isa = PBXBuildFile; fileRef = CEA0E8C919D508390036FF61 /* Record.m */; };
		CEF7A89319CBB9DB00A57CCF /* libsqlite3.dylib in Frameworks */ = {isa = PBXBuildFile; fileRef = CEF7A89219CBB9DB00A57CCF /* libsqlite3.dylib */; };
		CEF7A89519CBB9E300A57CCF /* CoreLocation.framework in Frameworks */ = {isa = PBXBuildFile; fileRef = CEF7A89419CBB9E300A57CCF /* CoreLocation.framework */; };
		CEF7A89E19CBC0EA00A57CCF /* PicInfo.m in Sources */ = {isa = PBXBuildFile; fileRef = CEF7A89D19CBC0EA00A57CCF /* PicInfo.m */; };
		CEF7A8A419CBC13A00A57CCF /* ALAssetsLibrary+CustomPhotoAlbum.m in Sources */ = {isa = PBXBuildFile; fileRef = CEF7A8A319CBC13A00A57CCF /* ALAssetsLibrary+CustomPhotoAlbum.m */; };
		CEF7A8A919CBC18100A57CCF /* MainPageViewController.m in Sources */ = {isa = PBXBuildFile; fileRef = CEF7A8A619CBC18100A57CCF /* MainPageViewController.m */; };
		CEF7A8AA19CBC18100A57CCF /* RealTimeViewController.m in Sources */ = {isa = PBXBuildFile; fileRef = CEF7A8A819CBC18100A57CCF /* RealTimeViewController.m */; };
		CEF7A8AD19CBC19500A57CCF /* SettingViewController.m in Sources */ = {isa = PBXBuildFile; fileRef = CEF7A8AC19CBC19500A57CCF /* SettingViewController.m */; };
/* End PBXBuildFile section */

/* Begin PBXContainerItemProxy section */
		0496012719CAF89E00F2D67E /* PBXContainerItemProxy */ = {
			isa = PBXContainerItemProxy;
			containerPortal = 049600FF19CAF89E00F2D67E /* Project object */;
			proxyType = 1;
			remoteGlobalIDString = 0496010619CAF89E00F2D67E;
			remoteInfo = sensoriosclient;
		};
/* End PBXContainerItemProxy section */

/* Begin PBXFileReference section */
		0405326119E61D7E0001FBCC /* AFHTTPRequestOperation.h */ = {isa = PBXFileReference; fileEncoding = 4; lastKnownFileType = sourcecode.c.h; path = AFHTTPRequestOperation.h; sourceTree = "<group>"; };
		0405326219E61D7E0001FBCC /* AFHTTPRequestOperation.m */ = {isa = PBXFileReference; fileEncoding = 4; lastKnownFileType = sourcecode.c.objc; path = AFHTTPRequestOperation.m; sourceTree = "<group>"; };
		0405326319E61D7E0001FBCC /* AFHTTPRequestOperationManager.h */ = {isa = PBXFileReference; fileEncoding = 4; lastKnownFileType = sourcecode.c.h; path = AFHTTPRequestOperationManager.h; sourceTree = "<group>"; };
		0405326419E61D7E0001FBCC /* AFHTTPRequestOperationManager.m */ = {isa = PBXFileReference; fileEncoding = 4; lastKnownFileType = sourcecode.c.objc; path = AFHTTPRequestOperationManager.m; sourceTree = "<group>"; };
		0405326519E61D7E0001FBCC /* AFHTTPSessionManager.h */ = {isa = PBXFileReference; fileEncoding = 4; lastKnownFileType = sourcecode.c.h; path = AFHTTPSessionManager.h; sourceTree = "<group>"; };
		0405326619E61D7E0001FBCC /* AFHTTPSessionManager.m */ = {isa = PBXFileReference; fileEncoding = 4; lastKnownFileType = sourcecode.c.objc; path = AFHTTPSessionManager.m; sourceTree = "<group>"; };
		0405326719E61D7E0001FBCC /* AFNetworking.h */ = {isa = PBXFileReference; fileEncoding = 4; lastKnownFileType = sourcecode.c.h; path = AFNetworking.h; sourceTree = "<group>"; };
		0405326819E61D7E0001FBCC /* AFNetworkReachabilityManager.h */ = {isa = PBXFileReference; fileEncoding = 4; lastKnownFileType = sourcecode.c.h; path = AFNetworkReachabilityManager.h; sourceTree = "<group>"; };
		0405326919E61D7E0001FBCC /* AFNetworkReachabilityManager.m */ = {isa = PBXFileReference; fileEncoding = 4; lastKnownFileType = sourcecode.c.objc; path = AFNetworkReachabilityManager.m; sourceTree = "<group>"; };
		0405326A19E61D7E0001FBCC /* AFSecurityPolicy.h */ = {isa = PBXFileReference; fileEncoding = 4; lastKnownFileType = sourcecode.c.h; path = AFSecurityPolicy.h; sourceTree = "<group>"; };
		0405326B19E61D7E0001FBCC /* AFSecurityPolicy.m */ = {isa = PBXFileReference; fileEncoding = 4; lastKnownFileType = sourcecode.c.objc; path = AFSecurityPolicy.m; sourceTree = "<group>"; };
		0405326C19E61D7E0001FBCC /* AFURLConnectionOperation.h */ = {isa = PBXFileReference; fileEncoding = 4; lastKnownFileType = sourcecode.c.h; path = AFURLConnectionOperation.h; sourceTree = "<group>"; };
		0405326D19E61D7E0001FBCC /* AFURLConnectionOperation.m */ = {isa = PBXFileReference; fileEncoding = 4; lastKnownFileType = sourcecode.c.objc; path = AFURLConnectionOperation.m; sourceTree = "<group>"; };
		0405327019E61D7E0001FBCC /* AFURLResponseSerialization.h */ = {isa = PBXFileReference; fileEncoding = 4; lastKnownFileType = sourcecode.c.h; path = AFURLResponseSerialization.h; sourceTree = "<group>"; };
		0405327119E61D7E0001FBCC /* AFURLResponseSerialization.m */ = {isa = PBXFileReference; fileEncoding = 4; lastKnownFileType = sourcecode.c.objc; path = AFURLResponseSerialization.m; sourceTree = "<group>"; };
		0405327219E61D7E0001FBCC /* AFURLSessionManager.h */ = {isa = PBXFileReference; fileEncoding = 4; lastKnownFileType = sourcecode.c.h; path = AFURLSessionManager.h; sourceTree = "<group>"; };
		0405327319E61D7E0001FBCC /* AFURLSessionManager.m */ = {isa = PBXFileReference; fileEncoding = 4; lastKnownFileType = sourcecode.c.objc; path = AFURLSessionManager.m; sourceTree = "<group>"; };
		0405327519E61D7E0001FBCC /* AFNetworkActivityIndicatorManager.h */ = {isa = PBXFileReference; fileEncoding = 4; lastKnownFileType = sourcecode.c.h; path = AFNetworkActivityIndicatorManager.h; sourceTree = "<group>"; };
		0405327619E61D7E0001FBCC /* AFNetworkActivityIndicatorManager.m */ = {isa = PBXFileReference; fileEncoding = 4; lastKnownFileType = sourcecode.c.objc; path = AFNetworkActivityIndicatorManager.m; sourceTree = "<group>"; };
		0405327719E61D7E0001FBCC /* UIActivityIndicatorView+AFNetworking.h */ = {isa = PBXFileReference; fileEncoding = 4; lastKnownFileType = sourcecode.c.h; path = "UIActivityIndicatorView+AFNetworking.h"; sourceTree = "<group>"; };
		0405327819E61D7E0001FBCC /* UIActivityIndicatorView+AFNetworking.m */ = {isa = PBXFileReference; fileEncoding = 4; lastKnownFileType = sourcecode.c.objc; path = "UIActivityIndicatorView+AFNetworking.m"; sourceTree = "<group>"; };
		0405327919E61D7E0001FBCC /* UIAlertView+AFNetworking.h */ = {isa = PBXFileReference; fileEncoding = 4; lastKnownFileType = sourcecode.c.h; path = "UIAlertView+AFNetworking.h"; sourceTree = "<group>"; };
		0405327A19E61D7E0001FBCC /* UIAlertView+AFNetworking.m */ = {isa = PBXFileReference; fileEncoding = 4; lastKnownFileType = sourcecode.c.objc; path = "UIAlertView+AFNetworking.m"; sourceTree = "<group>"; };
		0405327B19E61D7E0001FBCC /* UIButton+AFNetworking.h */ = {isa = PBXFileReference; fileEncoding = 4; lastKnownFileType = sourcecode.c.h; path = "UIButton+AFNetworking.h"; sourceTree = "<group>"; };
		0405327C19E61D7E0001FBCC /* UIButton+AFNetworking.m */ = {isa = PBXFileReference; fileEncoding = 4; lastKnownFileType = sourcecode.c.objc; path = "UIButton+AFNetworking.m"; sourceTree = "<group>"; };
		0405327D19E61D7E0001FBCC /* UIImageView+AFNetworking.h */ = {isa = PBXFileReference; fileEncoding = 4; lastKnownFileType = sourcecode.c.h; path = "UIImageView+AFNetworking.h"; sourceTree = "<group>"; };
		0405327E19E61D7E0001FBCC /* UIImageView+AFNetworking.m */ = {isa = PBXFileReference; fileEncoding = 4; lastKnownFileType = sourcecode.c.objc; path = "UIImageView+AFNetworking.m"; sourceTree = "<group>"; };
		0405327F19E61D7E0001FBCC /* UIKit+AFNetworking.h */ = {isa = PBXFileReference; fileEncoding = 4; lastKnownFileType = sourcecode.c.h; path = "UIKit+AFNetworking.h"; sourceTree = "<group>"; };
		0405328019E61D7E0001FBCC /* UIProgressView+AFNetworking.h */ = {isa = PBXFileReference; fileEncoding = 4; lastKnownFileType = sourcecode.c.h; path = "UIProgressView+AFNetworking.h"; sourceTree = "<group>"; };
		0405328119E61D7E0001FBCC /* UIProgressView+AFNetworking.m */ = {isa = PBXFileReference; fileEncoding = 4; lastKnownFileType = sourcecode.c.objc; path = "UIProgressView+AFNetworking.m"; sourceTree = "<group>"; };
		0405328219E61D7E0001FBCC /* UIRefreshControl+AFNetworking.h */ = {isa = PBXFileReference; fileEncoding = 4; lastKnownFileType = sourcecode.c.h; path = "UIRefreshControl+AFNetworking.h"; sourceTree = "<group>"; };
		0405328319E61D7E0001FBCC /* UIRefreshControl+AFNetworking.m */ = {isa = PBXFileReference; fileEncoding = 4; lastKnownFileType = sourcecode.c.objc; path = "UIRefreshControl+AFNetworking.m"; sourceTree = "<group>"; };
		0405328419E61D7E0001FBCC /* UIWebView+AFNetworking.h */ = {isa = PBXFileReference; fileEncoding = 4; lastKnownFileType = sourcecode.c.h; path = "UIWebView+AFNetworking.h"; sourceTree = "<group>"; };
		0405328519E61D7E0001FBCC /* UIWebView+AFNetworking.m */ = {isa = PBXFileReference; fileEncoding = 4; lastKnownFileType = sourcecode.c.objc; path = "UIWebView+AFNetworking.m"; sourceTree = "<group>"; };
		0405329B19E6250D0001FBCC /* AFURLRequestSerialization.h */ = {isa = PBXFileReference; fileEncoding = 4; lastKnownFileType = sourcecode.c.h; path = AFURLRequestSerialization.h; sourceTree = "<group>"; };
		0405329C19E6250D0001FBCC /* AFURLRequestSerialization.m */ = {isa = PBXFileReference; fileEncoding = 4; lastKnownFileType = sourcecode.c.objc; path = AFURLRequestSerialization.m; sourceTree = "<group>"; };
		04176BBC19E51D41004E2D43 /* Collect.h */ = {isa = PBXFileReference; fileEncoding = 4; lastKnownFileType = sourcecode.c.h; path = Collect.h; sourceTree = "<group>"; };
		04176BBD19E51D41004E2D43 /* Collect.m */ = {isa = PBXFileReference; fileEncoding = 4; lastKnownFileType = sourcecode.c.objc; path = Collect.m; sourceTree = "<group>"; };
		04176BBE19E51D41004E2D43 /* Reachability.h */ = {isa = PBXFileReference; fileEncoding = 4; lastKnownFileType = sourcecode.c.h; path = Reachability.h; sourceTree = "<group>"; };
		04176BBF19E51D41004E2D43 /* Reachability.m */ = {isa = PBXFileReference; fileEncoding = 4; lastKnownFileType = sourcecode.c.objc; path = Reachability.m; sourceTree = "<group>"; };
		04176BC019E51D41004E2D43 /* Sqlite.h */ = {isa = PBXFileReference; fileEncoding = 4; lastKnownFileType = sourcecode.c.h; path = Sqlite.h; sourceTree = "<group>"; };
		04176BC119E51D41004E2D43 /* Sqlite.m */ = {isa = PBXFileReference; fileEncoding = 4; lastKnownFileType = sourcecode.c.objc; path = Sqlite.m; sourceTree = "<group>"; };
		0437FEA319D5647A008CE0E4 /* Brightness.h */ = {isa = PBXFileReference; fileEncoding = 4; lastKnownFileType = sourcecode.c.h; path = Brightness.h; sourceTree = "<group>"; };
		0437FEA419D5647A008CE0E4 /* Brightness.m */ = {isa = PBXFileReference; fileEncoding = 4; lastKnownFileType = sourcecode.c.objc; path = Brightness.m; sourceTree = "<group>"; };
		0437FF2119D8F3C6008CE0E4 /* CommonDefinition.h */ = {isa = PBXFileReference; fileEncoding = 4; lastKnownFileType = sourcecode.c.h; path = CommonDefinition.h; sourceTree = "<group>"; };
		0437FF2219D8F3C6008CE0E4 /* CommonDefinition.m */ = {isa = PBXFileReference; fileEncoding = 4; lastKnownFileType = sourcecode.c.objc; path = CommonDefinition.m; sourceTree = "<group>"; };
		0460AF3E19E76C35002C6EA0 /* CollectionData.h */ = {isa = PBXFileReference; fileEncoding = 4; lastKnownFileType = sourcecode.c.h; path = CollectionData.h; sourceTree = "<group>"; };
		0460AF3F19E76C35002C6EA0 /* CollectionData.m */ = {isa = PBXFileReference; fileEncoding = 4; lastKnownFileType = sourcecode.c.objc; path = CollectionData.m; sourceTree = "<group>"; };
		0460AF7E19E7BE34002C6EA0 /* SensorHTTPClient.h */ = {isa = PBXFileReference; fileEncoding = 4; lastKnownFileType = sourcecode.c.h; path = SensorHTTPClient.h; sourceTree = "<group>"; };
		0460AF7F19E7BE34002C6EA0 /* SensorHTTPClient.m */ = {isa = PBXFileReference; fileEncoding = 4; lastKnownFileType = sourcecode.c.objc; path = SensorHTTPClient.m; sourceTree = "<group>"; };
		0496010719CAF89E00F2D67E /* sensoriosclient.app */ = {isa = PBXFileReference; explicitFileType = wrapper.application; includeInIndex = 0; path = sensoriosclient.app; sourceTree = BUILT_PRODUCTS_DIR; };
		0496010A19CAF89E00F2D67E /* Foundation.framework */ = {isa = PBXFileReference; lastKnownFileType = wrapper.framework; name = Foundation.framework; path = System/Library/Frameworks/Foundation.framework; sourceTree = SDKROOT; };
		0496010C19CAF89E00F2D67E /* CoreGraphics.framework */ = {isa = PBXFileReference; lastKnownFileType = wrapper.framework; name = CoreGraphics.framework; path = System/Library/Frameworks/CoreGraphics.framework; sourceTree = SDKROOT; };
		0496010E19CAF89E00F2D67E /* UIKit.framework */ = {isa = PBXFileReference; lastKnownFileType = wrapper.framework; name = UIKit.framework; path = System/Library/Frameworks/UIKit.framework; sourceTree = SDKROOT; };
		0496011219CAF89E00F2D67E /* sensoriosclient-Info.plist */ = {isa = PBXFileReference; lastKnownFileType = text.plist.xml; path = "sensoriosclient-Info.plist"; sourceTree = "<group>"; };
		0496011419CAF89E00F2D67E /* en */ = {isa = PBXFileReference; lastKnownFileType = text.plist.strings; name = en; path = en.lproj/InfoPlist.strings; sourceTree = "<group>"; };
		0496011619CAF89E00F2D67E /* main.m */ = {isa = PBXFileReference; lastKnownFileType = sourcecode.c.objc; path = main.m; sourceTree = "<group>"; };
		0496011819CAF89E00F2D67E /* sensoriosclient-Prefix.pch */ = {isa = PBXFileReference; lastKnownFileType = sourcecode.c.h; path = "sensoriosclient-Prefix.pch"; sourceTree = "<group>"; };
		0496011919CAF89E00F2D67E /* AppDelegate.h */ = {isa = PBXFileReference; lastKnownFileType = sourcecode.c.h; path = AppDelegate.h; sourceTree = "<group>"; };
		0496011A19CAF89E00F2D67E /* AppDelegate.m */ = {isa = PBXFileReference; lastKnownFileType = sourcecode.c.objc; path = AppDelegate.m; sourceTree = "<group>"; };
		0496011C19CAF89E00F2D67E /* Images.xcassets */ = {isa = PBXFileReference; lastKnownFileType = folder.assetcatalog; path = Images.xcassets; sourceTree = "<group>"; };
		0496012219CAF89E00F2D67E /* sensoriosclientTests.xctest */ = {isa = PBXFileReference; explicitFileType = wrapper.cfbundle; includeInIndex = 0; path = sensoriosclientTests.xctest; sourceTree = BUILT_PRODUCTS_DIR; };
		0496012319CAF89E00F2D67E /* XCTest.framework */ = {isa = PBXFileReference; lastKnownFileType = wrapper.framework; name = XCTest.framework; path = Library/Frameworks/XCTest.framework; sourceTree = DEVELOPER_DIR; };
		0496012B19CAF89E00F2D67E /* sensoriosclientTests-Info.plist */ = {isa = PBXFileReference; lastKnownFileType = text.plist.xml; path = "sensoriosclientTests-Info.plist"; sourceTree = "<group>"; };
		0496012D19CAF89E00F2D67E /* en */ = {isa = PBXFileReference; lastKnownFileType = text.plist.strings; name = en; path = en.lproj/InfoPlist.strings; sourceTree = "<group>"; };
		0496012F19CAF89E00F2D67E /* sensoriosclientTests.m */ = {isa = PBXFileReference; lastKnownFileType = sourcecode.c.objc; path = sensoriosclientTests.m; sourceTree = "<group>"; };
		0496014119CBC3E700F2D67E /* RandomString.h */ = {isa = PBXFileReference; fileEncoding = 4; lastKnownFileType = sourcecode.c.h; path = RandomString.h; sourceTree = "<group>"; };
		0496014219CBC3E700F2D67E /* RandomString.m */ = {isa = PBXFileReference; fileEncoding = 4; lastKnownFileType = sourcecode.c.objc; path = RandomString.m; sourceTree = "<group>"; };
		CE2C7B8219D904C900C03359 /* PicSave.h */ = {isa = PBXFileReference; fileEncoding = 4; lastKnownFileType = sourcecode.c.h; path = PicSave.h; sourceTree = "<group>"; };
		CE2C7B8319D904C900C03359 /* PicSave.m */ = {isa = PBXFileReference; fileEncoding = 4; lastKnownFileType = sourcecode.c.objc; path = PicSave.m; sourceTree = "<group>"; };
		CEA0E8B119D3B2DB0036FF61 /* Reachability.m */ = {isa = PBXFileReference; fileEncoding = 4; lastKnownFileType = sourcecode.c.objc; path = Reachability.m; sourceTree = "<group>"; };
		CEA0E8C619D508140036FF61 /* AVFoundation.framework */ = {isa = PBXFileReference; lastKnownFileType = wrapper.framework; name = AVFoundation.framework; path = System/Library/Frameworks/AVFoundation.framework; sourceTree = SDKROOT; };
		CEA0E8C819D508390036FF61 /* Record.h */ = {isa = PBXFileReference; fileEncoding = 4; lastKnownFileType = sourcecode.c.h; path = Record.h; sourceTree = "<group>"; };
		CEA0E8C919D508390036FF61 /* Record.m */ = {isa = PBXFileReference; fileEncoding = 4; lastKnownFileType = sourcecode.c.objc; path = Record.m; sourceTree = "<group>"; };
		CEF7A89219CBB9DB00A57CCF /* libsqlite3.dylib */ = {isa = PBXFileReference; lastKnownFileType = "compiled.mach-o.dylib"; name = libsqlite3.dylib; path = usr/lib/libsqlite3.dylib; sourceTree = SDKROOT; };
		CEF7A89419CBB9E300A57CCF /* CoreLocation.framework */ = {isa = PBXFileReference; lastKnownFileType = wrapper.framework; name = CoreLocation.framework; path = System/Library/Frameworks/CoreLocation.framework; sourceTree = SDKROOT; };
		CEF7A89C19CBC0EA00A57CCF /* PicInfo.h */ = {isa = PBXFileReference; fileEncoding = 4; lastKnownFileType = sourcecode.c.h; path = PicInfo.h; sourceTree = "<group>"; };
		CEF7A89D19CBC0EA00A57CCF /* PicInfo.m */ = {isa = PBXFileReference; fileEncoding = 4; lastKnownFileType = sourcecode.c.objc; path = PicInfo.m; sourceTree = "<group>"; };
		CEF7A8A219CBC13A00A57CCF /* ALAssetsLibrary+CustomPhotoAlbum.h */ = {isa = PBXFileReference; fileEncoding = 4; lastKnownFileType = sourcecode.c.h; path = "ALAssetsLibrary+CustomPhotoAlbum.h"; sourceTree = "<group>"; };
		CEF7A8A319CBC13A00A57CCF /* ALAssetsLibrary+CustomPhotoAlbum.m */ = {isa = PBXFileReference; fileEncoding = 4; lastKnownFileType = sourcecode.c.objc; path = "ALAssetsLibrary+CustomPhotoAlbum.m"; sourceTree = "<group>"; };
		CEF7A8A519CBC18100A57CCF /* MainPageViewController.h */ = {isa = PBXFileReference; fileEncoding = 4; lastKnownFileType = sourcecode.c.h; path = MainPageViewController.h; sourceTree = "<group>"; };
		CEF7A8A619CBC18100A57CCF /* MainPageViewController.m */ = {isa = PBXFileReference; fileEncoding = 4; lastKnownFileType = sourcecode.c.objc; path = MainPageViewController.m; sourceTree = "<group>"; };
		CEF7A8A719CBC18100A57CCF /* RealTimeViewController.h */ = {isa = PBXFileReference; fileEncoding = 4; lastKnownFileType = sourcecode.c.h; path = RealTimeViewController.h; sourceTree = "<group>"; };
		CEF7A8A819CBC18100A57CCF /* RealTimeViewController.m */ = {isa = PBXFileReference; fileEncoding = 4; lastKnownFileType = sourcecode.c.objc; path = RealTimeViewController.m; sourceTree = "<group>"; };
		CEF7A8AB19CBC19500A57CCF /* SettingViewController.h */ = {isa = PBXFileReference; fileEncoding = 4; lastKnownFileType = sourcecode.c.h; path = SettingViewController.h; sourceTree = "<group>"; };
		CEF7A8AC19CBC19500A57CCF /* SettingViewController.m */ = {isa = PBXFileReference; fileEncoding = 4; lastKnownFileType = sourcecode.c.objc; path = SettingViewController.m; sourceTree = "<group>"; };
/* End PBXFileReference section */

/* Begin PBXFrameworksBuildPhase section */
		0496010419CAF89E00F2D67E /* Frameworks */ = {
			isa = PBXFrameworksBuildPhase;
			buildActionMask = 2147483647;
			files = (
				CEA0E8C719D508140036FF61 /* AVFoundation.framework in Frameworks */,
				CEF7A89519CBB9E300A57CCF /* CoreLocation.framework in Frameworks */,
				CEF7A89319CBB9DB00A57CCF /* libsqlite3.dylib in Frameworks */,
				0496010D19CAF89E00F2D67E /* CoreGraphics.framework in Frameworks */,
				0496010F19CAF89E00F2D67E /* UIKit.framework in Frameworks */,
				0496010B19CAF89E00F2D67E /* Foundation.framework in Frameworks */,
			);
			runOnlyForDeploymentPostprocessing = 0;
		};
		0496011F19CAF89E00F2D67E /* Frameworks */ = {
			isa = PBXFrameworksBuildPhase;
			buildActionMask = 2147483647;
			files = (
				0496012419CAF89E00F2D67E /* XCTest.framework in Frameworks */,
				0496012619CAF89E00F2D67E /* UIKit.framework in Frameworks */,
				0496012519CAF89E00F2D67E /* Foundation.framework in Frameworks */,
			);
			runOnlyForDeploymentPostprocessing = 0;
		};
/* End PBXFrameworksBuildPhase section */

/* Begin PBXGroup section */
		0405326019E61D7E0001FBCC /* AFNetworking */ = {
			isa = PBXGroup;
			children = (
				0405329B19E6250D0001FBCC /* AFURLRequestSerialization.h */,
				0405329C19E6250D0001FBCC /* AFURLRequestSerialization.m */,
				0405326119E61D7E0001FBCC /* AFHTTPRequestOperation.h */,
				0405326219E61D7E0001FBCC /* AFHTTPRequestOperation.m */,
				0405326319E61D7E0001FBCC /* AFHTTPRequestOperationManager.h */,
				0405326419E61D7E0001FBCC /* AFHTTPRequestOperationManager.m */,
				0405326519E61D7E0001FBCC /* AFHTTPSessionManager.h */,
				0405326619E61D7E0001FBCC /* AFHTTPSessionManager.m */,
				0405326719E61D7E0001FBCC /* AFNetworking.h */,
				0405326819E61D7E0001FBCC /* AFNetworkReachabilityManager.h */,
				0405326919E61D7E0001FBCC /* AFNetworkReachabilityManager.m */,
				0405326A19E61D7E0001FBCC /* AFSecurityPolicy.h */,
				0405326B19E61D7E0001FBCC /* AFSecurityPolicy.m */,
				0405326C19E61D7E0001FBCC /* AFURLConnectionOperation.h */,
				0405326D19E61D7E0001FBCC /* AFURLConnectionOperation.m */,
				0405327019E61D7E0001FBCC /* AFURLResponseSerialization.h */,
				0405327119E61D7E0001FBCC /* AFURLResponseSerialization.m */,
				0405327219E61D7E0001FBCC /* AFURLSessionManager.h */,
				0405327319E61D7E0001FBCC /* AFURLSessionManager.m */,
			);
			name = AFNetworking;
			path = sensoriosclient/AFNetworking;
			sourceTree = "<group>";
		};
		0405327419E61D7E0001FBCC /* UIKit+AFNetworking */ = {
			isa = PBXGroup;
			children = (
				0405327519E61D7E0001FBCC /* AFNetworkActivityIndicatorManager.h */,
				0405327619E61D7E0001FBCC /* AFNetworkActivityIndicatorManager.m */,
				0405327719E61D7E0001FBCC /* UIActivityIndicatorView+AFNetworking.h */,
				0405327819E61D7E0001FBCC /* UIActivityIndicatorView+AFNetworking.m */,
				0405327919E61D7E0001FBCC /* UIAlertView+AFNetworking.h */,
				0405327A19E61D7E0001FBCC /* UIAlertView+AFNetworking.m */,
				0405327B19E61D7E0001FBCC /* UIButton+AFNetworking.h */,
				0405327C19E61D7E0001FBCC /* UIButton+AFNetworking.m */,
				0405327D19E61D7E0001FBCC /* UIImageView+AFNetworking.h */,
				0405327E19E61D7E0001FBCC /* UIImageView+AFNetworking.m */,
				0405327F19E61D7E0001FBCC /* UIKit+AFNetworking.h */,
				0405328019E61D7E0001FBCC /* UIProgressView+AFNetworking.h */,
				0405328119E61D7E0001FBCC /* UIProgressView+AFNetworking.m */,
				0405328219E61D7E0001FBCC /* UIRefreshControl+AFNetworking.h */,
				0405328319E61D7E0001FBCC /* UIRefreshControl+AFNetworking.m */,
				0405328419E61D7E0001FBCC /* UIWebView+AFNetworking.h */,
				0405328519E61D7E0001FBCC /* UIWebView+AFNetworking.m */,
			);
			name = "UIKit+AFNetworking";
			path = "sensoriosclient/UIKit+AFNetworking";
			sourceTree = "<group>";
		};
		0405329719E61DC90001FBCC /* Communication */ = {
			isa = PBXGroup;
			children = (
				0460AF7E19E7BE34002C6EA0 /* SensorHTTPClient.h */,
				0460AF7F19E7BE34002C6EA0 /* SensorHTTPClient.m */,
			);
			name = Communication;
			sourceTree = "<group>";
		};
		049600FE19CAF89D00F2D67E = {
			isa = PBXGroup;
			children = (
				0496011019CAF89E00F2D67E /* sensoriosclient */,
				0496012919CAF89E00F2D67E /* sensoriosclientTests */,
				0496010919CAF89E00F2D67E /* Frameworks */,
				0496010819CAF89E00F2D67E /* Products */,
			);
			sourceTree = "<group>";
		};
		0496010819CAF89E00F2D67E /* Products */ = {
			isa = PBXGroup;
			children = (
				0496010719CAF89E00F2D67E /* sensoriosclient.app */,
				0496012219CAF89E00F2D67E /* sensoriosclientTests.xctest */,
			);
			name = Products;
			sourceTree = "<group>";
		};
		0496010919CAF89E00F2D67E /* Frameworks */ = {
			isa = PBXGroup;
			children = (
				0405326019E61D7E0001FBCC /* AFNetworking */,
				0405327419E61D7E0001FBCC /* UIKit+AFNetworking */,
				CEA0E8C619D508140036FF61 /* AVFoundation.framework */,
				CEF7A89419CBB9E300A57CCF /* CoreLocation.framework */,
				CEF7A89219CBB9DB00A57CCF /* libsqlite3.dylib */,
				0496010A19CAF89E00F2D67E /* Foundation.framework */,
				0496010C19CAF89E00F2D67E /* CoreGraphics.framework */,
				0496010E19CAF89E00F2D67E /* UIKit.framework */,
				0496012319CAF89E00F2D67E /* XCTest.framework */,
			);
			name = Frameworks;
			sourceTree = "<group>";
		};
		0496011019CAF89E00F2D67E /* sensoriosclient */ = {
			isa = PBXGroup;
			children = (
				0405329719E61DC90001FBCC /* Communication */,
				0496013D19CBC39300F2D67E /* Model */,
				0496013919CBC33F00F2D67E /* Utility */,
				0496011919CAF89E00F2D67E /* AppDelegate.h */,
				0496011A19CAF89E00F2D67E /* AppDelegate.m */,
				CEF7A8A519CBC18100A57CCF /* MainPageViewController.h */,
				CEF7A8A619CBC18100A57CCF /* MainPageViewController.m */,
				CEF7A8A719CBC18100A57CCF /* RealTimeViewController.h */,
				CEF7A8A819CBC18100A57CCF /* RealTimeViewController.m */,
				CEF7A8AB19CBC19500A57CCF /* SettingViewController.h */,
				CEF7A8AC19CBC19500A57CCF /* SettingViewController.m */,
				CEF7A8A219CBC13A00A57CCF /* ALAssetsLibrary+CustomPhotoAlbum.h */,
				CEF7A8A319CBC13A00A57CCF /* ALAssetsLibrary+CustomPhotoAlbum.m */,
				0496011C19CAF89E00F2D67E /* Images.xcassets */,
				0496011119CAF89E00F2D67E /* Supporting Files */,
			);
			path = sensoriosclient;
			sourceTree = "<group>";
		};
		0496011119CAF89E00F2D67E /* Supporting Files */ = {
			isa = PBXGroup;
			children = (
				0496011219CAF89E00F2D67E /* sensoriosclient-Info.plist */,
				0496011319CAF89E00F2D67E /* InfoPlist.strings */,
				0496011619CAF89E00F2D67E /* main.m */,
				0496011819CAF89E00F2D67E /* sensoriosclient-Prefix.pch */,
			);
			name = "Supporting Files";
			sourceTree = "<group>";
		};
		0496012919CAF89E00F2D67E /* sensoriosclientTests */ = {
			isa = PBXGroup;
			children = (
				0496012F19CAF89E00F2D67E /* sensoriosclientTests.m */,
				0496012A19CAF89E00F2D67E /* Supporting Files */,
			);
			path = sensoriosclientTests;
			sourceTree = "<group>";
		};
		0496012A19CAF89E00F2D67E /* Supporting Files */ = {
			isa = PBXGroup;
			children = (
				0496012B19CAF89E00F2D67E /* sensoriosclientTests-Info.plist */,
				0496012C19CAF89E00F2D67E /* InfoPlist.strings */,
			);
			name = "Supporting Files";
			sourceTree = "<group>";
		};
		0496013919CBC33F00F2D67E /* Utility */ = {
			isa = PBXGroup;
			children = (
				04176BBC19E51D41004E2D43 /* Collect.h */,
				04176BBD19E51D41004E2D43 /* Collect.m */,
				04176BBE19E51D41004E2D43 /* Reachability.h */,
				04176BBF19E51D41004E2D43 /* Reachability.m */,
				04176BC019E51D41004E2D43 /* Sqlite.h */,
				04176BC119E51D41004E2D43 /* Sqlite.m */,
				0437FEA319D5647A008CE0E4 /* Brightness.h */,
				0437FEA419D5647A008CE0E4 /* Brightness.m */,
				CEA0E8C819D508390036FF61 /* Record.h */,
				CEA0E8C919D508390036FF61 /* Record.m */,
				0496014119CBC3E700F2D67E /* RandomString.h */,
				0496014219CBC3E700F2D67E /* RandomString.m */,
				0437FF2119D8F3C6008CE0E4 /* CommonDefinition.h */,
				0437FF2219D8F3C6008CE0E4 /* CommonDefinition.m */,
			);
			name = Utility;
			sourceTree = "<group>";
		};
		0496013D19CBC39300F2D67E /* Model */ = {
			isa = PBXGroup;
			children = (
				CEF7A89C19CBC0EA00A57CCF /* PicInfo.h */,
				0460AF3E19E76C35002C6EA0 /* CollectionData.h */,
				0460AF3F19E76C35002C6EA0 /* CollectionData.m */,
				CEF7A89D19CBC0EA00A57CCF /* PicInfo.m */,
				CE2C7B8219D904C900C03359 /* PicSave.h */,
				CE2C7B8319D904C900C03359 /* PicSave.m */,
			);
			name = Model;
			sourceTree = "<group>";
		};
/* End PBXGroup section */

/* Begin PBXNativeTarget section */
		0496010619CAF89E00F2D67E /* sensoriosclient */ = {
			isa = PBXNativeTarget;
			buildConfigurationList = 0496013319CAF89E00F2D67E /* Build configuration list for PBXNativeTarget "sensoriosclient" */;
			buildPhases = (
				0496010319CAF89E00F2D67E /* Sources */,
				0496010419CAF89E00F2D67E /* Frameworks */,
				0496010519CAF89E00F2D67E /* Resources */,
			);
			buildRules = (
			);
			dependencies = (
			);
			name = sensoriosclient;
			productName = sensoriosclient;
			productReference = 0496010719CAF89E00F2D67E /* sensoriosclient.app */;
			productType = "com.apple.product-type.application";
		};
		0496012119CAF89E00F2D67E /* sensoriosclientTests */ = {
			isa = PBXNativeTarget;
			buildConfigurationList = 0496013619CAF89E00F2D67E /* Build configuration list for PBXNativeTarget "sensoriosclientTests" */;
			buildPhases = (
				0496011E19CAF89E00F2D67E /* Sources */,
				0496011F19CAF89E00F2D67E /* Frameworks */,
				0496012019CAF89E00F2D67E /* Resources */,
			);
			buildRules = (
			);
			dependencies = (
				0496012819CAF89E00F2D67E /* PBXTargetDependency */,
			);
			name = sensoriosclientTests;
			productName = sensoriosclientTests;
			productReference = 0496012219CAF89E00F2D67E /* sensoriosclientTests.xctest */;
			productType = "com.apple.product-type.bundle.unit-test";
		};
/* End PBXNativeTarget section */

/* Begin PBXProject section */
		049600FF19CAF89E00F2D67E /* Project object */ = {
			isa = PBXProject;
			attributes = {
				LastUpgradeCheck = 0510;
				ORGANIZATIONNAME = bnrc;
				TargetAttributes = {
					0496012119CAF89E00F2D67E = {
						TestTargetID = 0496010619CAF89E00F2D67E;
					};
				};
			};
			buildConfigurationList = 0496010219CAF89E00F2D67E /* Build configuration list for PBXProject "sensoriosclient" */;
			compatibilityVersion = "Xcode 3.2";
			developmentRegion = English;
			hasScannedForEncodings = 0;
			knownRegions = (
				en,
			);
			mainGroup = 049600FE19CAF89D00F2D67E;
			productRefGroup = 0496010819CAF89E00F2D67E /* Products */;
			projectDirPath = "";
			projectRoot = "";
			targets = (
				0496010619CAF89E00F2D67E /* sensoriosclient */,
				0496012119CAF89E00F2D67E /* sensoriosclientTests */,
			);
		};
/* End PBXProject section */

/* Begin PBXResourcesBuildPhase section */
		0496010519CAF89E00F2D67E /* Resources */ = {
			isa = PBXResourcesBuildPhase;
			buildActionMask = 2147483647;
			files = (
				0496011519CAF89E00F2D67E /* InfoPlist.strings in Resources */,
				0496011D19CAF89E00F2D67E /* Images.xcassets in Resources */,
			);
			runOnlyForDeploymentPostprocessing = 0;
		};
		0496012019CAF89E00F2D67E /* Resources */ = {
			isa = PBXResourcesBuildPhase;
			buildActionMask = 2147483647;
			files = (
				0496012E19CAF89E00F2D67E /* InfoPlist.strings in Resources */,
			);
			runOnlyForDeploymentPostprocessing = 0;
		};
/* End PBXResourcesBuildPhase section */

/* Begin PBXSourcesBuildPhase section */
		0496010319CAF89E00F2D67E /* Sources */ = {
			isa = PBXSourcesBuildPhase;
			buildActionMask = 2147483647;
			files = (
				0405329419E61D7E0001FBCC /* UIProgressView+AFNetworking.m in Sources */,
				0405329319E61D7E0001FBCC /* UIImageView+AFNetworking.m in Sources */,
				0405328619E61D7E0001FBCC /* AFHTTPRequestOperation.m in Sources */,
				0496011B19CAF89E00F2D67E /* AppDelegate.m in Sources */,
				CEA0E8CA19D508390036FF61 /* Record.m in Sources */,
				0496011719CAF89E00F2D67E /* main.m in Sources */,
				0460AF8019E7BE34002C6EA0 /* SensorHTTPClient.m in Sources */,
				CEF7A8AA19CBC18100A57CCF /* RealTimeViewController.m in Sources */,
				0460AF4019E76C35002C6EA0 /* CollectionData.m in Sources */,
				CEF7A8A919CBC18100A57CCF /* MainPageViewController.m in Sources */,
				0405329019E61D7E0001FBCC /* UIActivityIndicatorView+AFNetworking.m in Sources */,
				0437FF2319D8F3C6008CE0E4 /* CommonDefinition.m in Sources */,
				0405329619E61D7E0001FBCC /* UIWebView+AFNetworking.m in Sources */,
				0405328819E61D7E0001FBCC /* AFHTTPSessionManager.m in Sources */,
				0405329D19E6250D0001FBCC /* AFURLRequestSerialization.m in Sources */,
				0405328F19E61D7E0001FBCC /* AFNetworkActivityIndicatorManager.m in Sources */,
				CEF7A89E19CBC0EA00A57CCF /* PicInfo.m in Sources */,
				0405329119E61D7E0001FBCC /* UIAlertView+AFNetworking.m in Sources */,
				CEF7A8A419CBC13A00A57CCF /* ALAssetsLibrary+CustomPhotoAlbum.m in Sources */,
				0405328919E61D7E0001FBCC /* AFNetworkReachabilityManager.m in Sources */,
				0405328E19E61D7E0001FBCC /* AFURLSessionManager.m in Sources */,
				0437FEA519D5647A008CE0E4 /* Brightness.m in Sources */,
				0405328B19E61D7E0001FBCC /* AFURLConnectionOperation.m in Sources */,
				0405328D19E61D7E0001FBCC /* AFURLResponseSerialization.m in Sources */,
				0496014319CBC3E700F2D67E /* RandomString.m in Sources */,
				04176BC319E51D41004E2D43 /* Reachability.m in Sources */,
				CEF7A8AD19CBC19500A57CCF /* SettingViewController.m in Sources */,
				CE2C7B8419D904C900C03359 /* PicSave.m in Sources */,
				04176BC219E51D41004E2D43 /* Collect.m in Sources */,
				0405329219E61D7E0001FBCC /* UIButton+AFNetworking.m in Sources */,
				0405329519E61D7E0001FBCC /* UIRefreshControl+AFNetworking.m in Sources */,
				0405328719E61D7E0001FBCC /* AFHTTPRequestOperationManager.m in Sources */,
				0405328A19E61D7E0001FBCC /* AFSecurityPolicy.m in Sources */,
				04176BC419E51D41004E2D43 /* Sqlite.m in Sources */,
			);
			runOnlyForDeploymentPostprocessing = 0;
		};
		0496011E19CAF89E00F2D67E /* Sources */ = {
			isa = PBXSourcesBuildPhase;
			buildActionMask = 2147483647;
			files = (
				CEA0E8B319D3B2DB0036FF61 /* Reachability.m in Sources */,
				CEA0E8CB19D508390036FF61 /* Record.m in Sources */,
				0496013019CAF89E00F2D67E /* sensoriosclientTests.m in Sources */,
			);
			runOnlyForDeploymentPostprocessing = 0;
		};
/* End PBXSourcesBuildPhase section */

/* Begin PBXTargetDependency section */
		0496012819CAF89E00F2D67E /* PBXTargetDependency */ = {
			isa = PBXTargetDependency;
			target = 0496010619CAF89E00F2D67E /* sensoriosclient */;
			targetProxy = 0496012719CAF89E00F2D67E /* PBXContainerItemProxy */;
		};
/* End PBXTargetDependency section */

/* Begin PBXVariantGroup section */
		0496011319CAF89E00F2D67E /* InfoPlist.strings */ = {
			isa = PBXVariantGroup;
			children = (
				0496011419CAF89E00F2D67E /* en */,
			);
			name = InfoPlist.strings;
			sourceTree = "<group>";
		};
		0496012C19CAF89E00F2D67E /* InfoPlist.strings */ = {
			isa = PBXVariantGroup;
			children = (
				0496012D19CAF89E00F2D67E /* en */,
			);
			name = InfoPlist.strings;
			sourceTree = "<group>";
		};
/* End PBXVariantGroup section */

/* Begin XCBuildConfiguration section */
		0496013119CAF89E00F2D67E /* Debug */ = {
			isa = XCBuildConfiguration;
			buildSettings = {
				ALWAYS_SEARCH_USER_PATHS = NO;
				CLANG_CXX_LANGUAGE_STANDARD = "gnu++0x";
				CLANG_CXX_LIBRARY = "libc++";
				CLANG_ENABLE_MODULES = YES;
				CLANG_ENABLE_OBJC_ARC = YES;
				CLANG_WARN_BOOL_CONVERSION = YES;
				CLANG_WARN_CONSTANT_CONVERSION = YES;
				CLANG_WARN_DIRECT_OBJC_ISA_USAGE = YES_ERROR;
				CLANG_WARN_EMPTY_BODY = YES;
				CLANG_WARN_ENUM_CONVERSION = YES;
				CLANG_WARN_INT_CONVERSION = YES;
				CLANG_WARN_OBJC_ROOT_CLASS = YES_ERROR;
				CLANG_WARN__DUPLICATE_METHOD_MATCH = YES;
				"CODE_SIGN_IDENTITY[sdk=iphoneos*]" = "iPhone Developer";
				COPY_PHASE_STRIP = NO;
				GCC_C_LANGUAGE_STANDARD = gnu99;
				GCC_DYNAMIC_NO_PIC = NO;
				GCC_OPTIMIZATION_LEVEL = 0;
				GCC_PREPROCESSOR_DEFINITIONS = (
					"DEBUG=1",
					"$(inherited)",
				);
				GCC_SYMBOLS_PRIVATE_EXTERN = NO;
				GCC_WARN_64_TO_32_BIT_CONVERSION = YES;
				GCC_WARN_ABOUT_RETURN_TYPE = YES_ERROR;
				GCC_WARN_UNDECLARED_SELECTOR = YES;
				GCC_WARN_UNINITIALIZED_AUTOS = YES_AGGRESSIVE;
				GCC_WARN_UNUSED_FUNCTION = YES;
				GCC_WARN_UNUSED_VARIABLE = YES;
				IPHONEOS_DEPLOYMENT_TARGET = 7.1;
				ONLY_ACTIVE_ARCH = YES;
				SDKROOT = iphoneos;
			};
			name = Debug;
		};
		0496013219CAF89E00F2D67E /* Release */ = {
			isa = XCBuildConfiguration;
			buildSettings = {
				ALWAYS_SEARCH_USER_PATHS = NO;
				CLANG_CXX_LANGUAGE_STANDARD = "gnu++0x";
				CLANG_CXX_LIBRARY = "libc++";
				CLANG_ENABLE_MODULES = YES;
				CLANG_ENABLE_OBJC_ARC = YES;
				CLANG_WARN_BOOL_CONVERSION = YES;
				CLANG_WARN_CONSTANT_CONVERSION = YES;
				CLANG_WARN_DIRECT_OBJC_ISA_USAGE = YES_ERROR;
				CLANG_WARN_EMPTY_BODY = YES;
				CLANG_WARN_ENUM_CONVERSION = YES;
				CLANG_WARN_INT_CONVERSION = YES;
				CLANG_WARN_OBJC_ROOT_CLASS = YES_ERROR;
				CLANG_WARN__DUPLICATE_METHOD_MATCH = YES;
				"CODE_SIGN_IDENTITY[sdk=iphoneos*]" = "iPhone Developer";
				COPY_PHASE_STRIP = YES;
				ENABLE_NS_ASSERTIONS = NO;
				GCC_C_LANGUAGE_STANDARD = gnu99;
				GCC_WARN_64_TO_32_BIT_CONVERSION = YES;
				GCC_WARN_ABOUT_RETURN_TYPE = YES_ERROR;
				GCC_WARN_UNDECLARED_SELECTOR = YES;
				GCC_WARN_UNINITIALIZED_AUTOS = YES_AGGRESSIVE;
				GCC_WARN_UNUSED_FUNCTION = YES;
				GCC_WARN_UNUSED_VARIABLE = YES;
				IPHONEOS_DEPLOYMENT_TARGET = 7.1;
				ONLY_ACTIVE_ARCH = NO;
				SDKROOT = iphoneos;
				VALIDATE_PRODUCT = YES;
			};
			name = Release;
		};
		0496013419CAF89E00F2D67E /* Debug */ = {
			isa = XCBuildConfiguration;
			buildSettings = {
				ASSETCATALOG_COMPILER_APPICON_NAME = AppIcon;
				ASSETCATALOG_COMPILER_LAUNCHIMAGE_NAME = LaunchImage;
				FRAMEWORK_SEARCH_PATHS = (
					"$(inherited)",
					"$(PROJECT_DIR)",
					"$(DEVELOPER_FRAMEWORKS_DIR)",
				);
				GCC_PRECOMPILE_PREFIX_HEADER = YES;
				GCC_PREFIX_HEADER = "sensoriosclient/sensoriosclient-Prefix.pch";
				INFOPLIST_FILE = "sensoriosclient/sensoriosclient-Info.plist";
				PRODUCT_NAME = "$(TARGET_NAME)";
				WRAPPER_EXTENSION = app;
			};
			name = Debug;
		};
		0496013519CAF89E00F2D67E /* Release */ = {
			isa = XCBuildConfiguration;
			buildSettings = {
				ASSETCATALOG_COMPILER_APPICON_NAME = AppIcon;
				ASSETCATALOG_COMPILER_LAUNCHIMAGE_NAME = LaunchImage;
				FRAMEWORK_SEARCH_PATHS = (
					"$(inherited)",
					"$(PROJECT_DIR)",
					"$(DEVELOPER_FRAMEWORKS_DIR)",
				);
				GCC_PRECOMPILE_PREFIX_HEADER = YES;
				GCC_PREFIX_HEADER = "sensoriosclient/sensoriosclient-Prefix.pch";
				INFOPLIST_FILE = "sensoriosclient/sensoriosclient-Info.plist";
				PRODUCT_NAME = "$(TARGET_NAME)";
				WRAPPER_EXTENSION = app;
			};
			name = Release;
		};
		0496013719CAF89E00F2D67E /* Debug */ = {
			isa = XCBuildConfiguration;
			buildSettings = {
				BUNDLE_LOADER = "$(BUILT_PRODUCTS_DIR)/sensoriosclient.app/sensoriosclient";
				FRAMEWORK_SEARCH_PATHS = (
					"$(SDKROOT)/Developer/Library/Frameworks",
					"$(inherited)",
					"$(DEVELOPER_FRAMEWORKS_DIR)",
					"$(PROJECT_DIR)",
				);
				GCC_PRECOMPILE_PREFIX_HEADER = YES;
				GCC_PREFIX_HEADER = "sensoriosclient/sensoriosclient-Prefix.pch";
				GCC_PREPROCESSOR_DEFINITIONS = (
					"DEBUG=1",
					"$(inherited)",
				);
				INFOPLIST_FILE = "sensoriosclientTests/sensoriosclientTests-Info.plist";
				PRODUCT_NAME = "$(TARGET_NAME)";
				TEST_HOST = "$(BUNDLE_LOADER)";
				WRAPPER_EXTENSION = xctest;
			};
			name = Debug;
		};
		0496013819CAF89E00F2D67E /* Release */ = {
			isa = XCBuildConfiguration;
			buildSettings = {
				BUNDLE_LOADER = "$(BUILT_PRODUCTS_DIR)/sensoriosclient.app/sensoriosclient";
				FRAMEWORK_SEARCH_PATHS = (
					"$(SDKROOT)/Developer/Library/Frameworks",
					"$(inherited)",
					"$(DEVELOPER_FRAMEWORKS_DIR)",
					"$(PROJECT_DIR)",
				);
				GCC_PRECOMPILE_PREFIX_HEADER = YES;
				GCC_PREFIX_HEADER = "sensoriosclient/sensoriosclient-Prefix.pch";
				INFOPLIST_FILE = "sensoriosclientTests/sensoriosclientTests-Info.plist";
				PRODUCT_NAME = "$(TARGET_NAME)";
				TEST_HOST = "$(BUNDLE_LOADER)";
				WRAPPER_EXTENSION = xctest;
			};
			name = Release;
		};
/* End XCBuildConfiguration section */

/* Begin XCConfigurationList section */
		0496010219CAF89E00F2D67E /* Build configuration list for PBXProject "sensoriosclient" */ = {
			isa = XCConfigurationList;
			buildConfigurations = (
				0496013119CAF89E00F2D67E /* Debug */,
				0496013219CAF89E00F2D67E /* Release */,
			);
			defaultConfigurationIsVisible = 0;
			defaultConfigurationName = Release;
		};
		0496013319CAF89E00F2D67E /* Build configuration list for PBXNativeTarget "sensoriosclient" */ = {
			isa = XCConfigurationList;
			buildConfigurations = (
				0496013419CAF89E00F2D67E /* Debug */,
				0496013519CAF89E00F2D67E /* Release */,
			);
			defaultConfigurationIsVisible = 0;
			defaultConfigurationName = Release;
		};
		0496013619CAF89E00F2D67E /* Build configuration list for PBXNativeTarget "sensoriosclientTests" */ = {
			isa = XCConfigurationList;
			buildConfigurations = (
				0496013719CAF89E00F2D67E /* Debug */,
				0496013819CAF89E00F2D67E /* Release */,
			);
			defaultConfigurationIsVisible = 0;
			defaultConfigurationName = Release;
		};
/* End XCConfigurationList section */
	};
	rootObject = 049600FF19CAF89E00F2D67E /* Project object */;
}
